
Microsoft Visual Studio Solution File, Format Version 12.00
# Visual Studio 15
VisualStudioVersion = 15.0.27428.2027
MinimumVisualStudioVersion = 10.0.40219.1
Project("{FAE04EC0-301F-11D3-BF4B-00C04F79EFBC}") = "ProjectsManager", "ProjectsManager\ProjectsManager.csproj", "{7D2E0C79-58BE-4E53-A28E-D80DDAACFC4A}"
EndProject
Global
	GlobalSection(SolutionConfigurationPlatforms) = preSolution
		Debug|Any CPU = Debug|Any CPU
		Release|Any CPU = Release|Any CPU
	EndGlobalSection
	GlobalSection(ProjectConfigurationPlatforms) = postSolution
		{7D2E0C79-58BE-4E53-A28E-D80DDAACFC4A}.Debug|Any CPU.ActiveCfg = Debug|Any CPU
		{7D2E0C79-58BE-4E53-A28E-D80DDAACFC4A}.Debug|Any CPU.Build.0 = Debug|Any CPU
		{7D2E0C79-58BE-4E53-A28E-D80DDAACFC4A}.Release|Any CPU.ActiveCfg = Release|Any CPU
		{7D2E0C79-58BE-4E53-A28E-D80DDAACFC4A}.Release|Any CPU.Build.0 = Release|Any CPU
	EndGlobalSection
	GlobalSection(SolutionProperties) = preSolution
		HideSolutionNode = FALSE
	EndGlobalSection
	GlobalSection(ExtensibilityGlobals) = postSolution
		SolutionGuid = {D0BCA9A9-D54E-4379-B8EB-F923102AF91B}
	EndGlobalSection
EndGlobal
