
Microsoft Visual Studio Solution File, Format Version 12.00
# Visual Studio 15
VisualStudioVersion = 15.0.27428.2027
MinimumVisualStudioVersion = 10.0.40219.1
Project("{9A19103F-16F7-4668-BE54-9A1E7A4F7556}") = "DokanNet", "DokanNet\DokanNet.csproj", "{75861EAE-B827-427E-9812-9FF78A9A6857}"
EndProject
Project("{FAE04EC0-301F-11D3-BF4B-00C04F79EFBC}") = "ProjectsManager", "ProjectsManager\ProjectsManager.csproj", "{26F86E44-23C5-4ADB-9E6C-68CF161B4A02}"
EndProject
Global
	GlobalSection(SolutionConfigurationPlatforms) = preSolution
		Debug|Any CPU = Debug|Any CPU
		Release|Any CPU = Release|Any CPU
	EndGlobalSection
	GlobalSection(ProjectConfigurationPlatforms) = postSolution
		{75861EAE-B827-427E-9812-9FF78A9A6857}.Debug|Any CPU.ActiveCfg = Debug|Any CPU
		{75861EAE-B827-427E-9812-9FF78A9A6857}.Debug|Any CPU.Build.0 = Debug|Any CPU
		{75861EAE-B827-427E-9812-9FF78A9A6857}.Release|Any CPU.ActiveCfg = Release|Any CPU
		{75861EAE-B827-427E-9812-9FF78A9A6857}.Release|Any CPU.Build.0 = Release|Any CPU
		{26F86E44-23C5-4ADB-9E6C-68CF161B4A02}.Debug|Any CPU.ActiveCfg = Debug|Any CPU
		{26F86E44-23C5-4ADB-9E6C-68CF161B4A02}.Debug|Any CPU.Build.0 = Debug|Any CPU
		{26F86E44-23C5-4ADB-9E6C-68CF161B4A02}.Release|Any CPU.ActiveCfg = Release|Any CPU
		{26F86E44-23C5-4ADB-9E6C-68CF161B4A02}.Release|Any CPU.Build.0 = Release|Any CPU
	EndGlobalSection
	GlobalSection(SolutionProperties) = preSolution
		HideSolutionNode = FALSE
	EndGlobalSection
	GlobalSection(ExtensibilityGlobals) = postSolution
		SolutionGuid = {2A84AA89-B2E6-458F-9BC1-B2A25275C098}
	EndGlobalSection
EndGlobal
